// !$*UTF8*$!
{
	archiveVersion = 1;
	classes = {
	};
	objectVersion = 56;
	objects = {

/* Begin PBXBuildFile section */
		7DEE4BB22BDB7B98005DD39C /* QuestifyApp.swift in Sources */ = {isa = PBXBuildFile; fileRef = 7DEE4BB12BDB7B98005DD39C /* QuestifyApp.swift */; };
		7DEE4BB42BDB7B98005DD39C /* ContentView.swift in Sources */ = {isa = PBXBuildFile; fileRef = 7DEE4BB32BDB7B98005DD39C /* ContentView.swift */; };
		7DEE4BB62BDB7B98005DD39C /* Item.swift in Sources */ = {isa = PBXBuildFile; fileRef = 7DEE4BB52BDB7B98005DD39C /* Item.swift */; };
		7DEE4BB82BDB7B9A005DD39C /* Assets.xcassets in Resources */ = {isa = PBXBuildFile; fileRef = 7DEE4BB72BDB7B9A005DD39C /* Assets.xcassets */; };
		7DEE4BBB2BDB7B9A005DD39C /* Preview Assets.xcassets in Resources */ = {isa = PBXBuildFile; fileRef = 7DEE4BBA2BDB7B9A005DD39C /* Preview Assets.xcassets */; };
		7DEE4BC52BDB7B9A005DD39C /* QuestifyTests.swift in Sources */ = {isa = PBXBuildFile; fileRef = 7DEE4BC42BDB7B9A005DD39C /* QuestifyTests.swift */; };
/* End PBXBuildFile section */

/* Begin PBXContainerItemProxy section */
		7DEE4BC12BDB7B9A005DD39C /* PBXContainerItemProxy */ = {
			isa = PBXContainerItemProxy;
			containerPortal = 7DEE4BA62BDB7B98005DD39C /* Project object */;
			proxyType = 1;
			remoteGlobalIDString = 7DEE4BAD2BDB7B98005DD39C;
			remoteInfo = Questify;
		};
/* End PBXContainerItemProxy section */

/* Begin PBXFileReference section */
		7DEE4BAE2BDB7B98005DD39C /* Questify.app */ = {isa = PBXFileReference; explicitFileType = wrapper.application; includeInIndex = 0; path = Questify.app; sourceTree = BUILT_PRODUCTS_DIR; };
		7DEE4BB12BDB7B98005DD39C /* QuestifyApp.swift */ = {isa = PBXFileReference; lastKnownFileType = sourcecode.swift; path = QuestifyApp.swift; sourceTree = "<group>"; };
		7DEE4BB32BDB7B98005DD39C /* ContentView.swift */ = {isa = PBXFileReference; lastKnownFileType = sourcecode.swift; path = ContentView.swift; sourceTree = "<group>"; };
		7DEE4BB52BDB7B98005DD39C /* Item.swift */ = {isa = PBXFileReference; lastKnownFileType = sourcecode.swift; path = Item.swift; sourceTree = "<group>"; };
		7DEE4BB72BDB7B9A005DD39C /* Assets.xcassets */ = {isa = PBXFileReference; lastKnownFileType = folder.assetcatalog; path = Assets.xcassets; sourceTree = "<group>"; };
		7DEE4BBA2BDB7B9A005DD39C /* Preview Assets.xcassets */ = {isa = PBXFileReference; lastKnownFileType = folder.assetcatalog; path = "Preview Assets.xcassets"; sourceTree = "<group>"; };
		7DEE4BC02BDB7B9A005DD39C /* QuestifyTests.xctest */ = {isa = PBXFileReference; explicitFileType = wrapper.cfbundle; includeInIndex = 0; path = QuestifyTests.xctest; sourceTree = BUILT_PRODUCTS_DIR; };
		7DEE4BC42BDB7B9A005DD39C /* QuestifyTests.swift */ = {isa = PBXFileReference; lastKnownFileType = sourcecode.swift; path = QuestifyTests.swift; sourceTree = "<group>"; };
/* End PBXFileReference section */

/* Begin PBXFrameworksBuildPhase section */
		7DEE4BAB2BDB7B98005DD39C /* Frameworks */ = {
			isa = PBXFrameworksBuildPhase;
			buildActionMask = 2147483647;
			files = (
			);
			runOnlyForDeploymentPostprocessing = 0;
		};
		7DEE4BBD2BDB7B9A005DD39C /* Frameworks */ = {
			isa = PBXFrameworksBuildPhase;
			buildActionMask = 2147483647;
			files = (
			);
			runOnlyForDeploymentPostprocessing = 0;
		};
/* End PBXFrameworksBuildPhase section */

/* Begin PBXGroup section */
		7DEE4BA52BDB7B98005DD39C = {
			isa = PBXGroup;
			children = (
				7DEE4BB02BDB7B98005DD39C /* Questify */,
				7DEE4BC32BDB7B9A005DD39C /* QuestifyTests */,
				7DEE4BAF2BDB7B98005DD39C /* Products */,
			);
			sourceTree = "<group>";
		};
		7DEE4BAF2BDB7B98005DD39C /* Products */ = {
			isa = PBXGroup;
			children = (
				7DEE4BAE2BDB7B98005DD39C /* Questify.app */,
				7DEE4BC02BDB7B9A005DD39C /* QuestifyTests.xctest */,
			);
			name = Products;
			sourceTree = "<group>";
		};
		7DEE4BB02BDB7B98005DD39C /* Questify */ = {
			isa = PBXGroup;
			children = (
				7DEE4BB12BDB7B98005DD39C /* QuestifyApp.swift */,
				7DEE4BB32BDB7B98005DD39C /* ContentView.swift */,
				7DEE4BB52BDB7B98005DD39C /* Item.swift */,
				7DEE4BB72BDB7B9A005DD39C /* Assets.xcassets */,
				7DEE4BB92BDB7B9A005DD39C /* Preview Content */,
			);
			path = Questify;
			sourceTree = "<group>";
		};
		7DEE4BB92BDB7B9A005DD39C /* Preview Content */ = {
			isa = PBXGroup;
			children = (
				7DEE4BBA2BDB7B9A005DD39C /* Preview Assets.xcassets */,
			);
			path = "Preview Content";
			sourceTree = "<group>";
		};
		7DEE4BC32BDB7B9A005DD39C /* QuestifyTests */ = {
			isa = PBXGroup;
			children = (
				7DEE4BC42BDB7B9A005DD39C /* QuestifyTests.swift */,
			);
			path = QuestifyTests;
			sourceTree = "<group>";
		};
/* End PBXGroup section */

/* Begin PBXNativeTarget section */
		7DEE4BAD2BDB7B98005DD39C /* Questify */ = {
			isa = PBXNativeTarget;
			buildConfigurationList = 7DEE4BD42BDB7B9A005DD39C /* Build configuration list for PBXNativeTarget "Questify" */;
			buildPhases = (
				7DEE4BAA2BDB7B98005DD39C /* Sources */,
				7DEE4BAB2BDB7B98005DD39C /* Frameworks */,
				7DEE4BAC2BDB7B98005DD39C /* Resources */,
			);
			buildRules = (
			);
			dependencies = (
			);
			name = Questify;
			productName = Questify;
			productReference = 7DEE4BAE2BDB7B98005DD39C /* Questify.app */;
			productType = "com.apple.product-type.application";
		};
		7DEE4BBF2BDB7B9A005DD39C /* QuestifyTests */ = {
			isa = PBXNativeTarget;
			buildConfigurationList = 7DEE4BD72BDB7B9A005DD39C /* Build configuration list for PBXNativeTarget "QuestifyTests" */;
			buildPhases = (
				7DEE4BBC2BDB7B9A005DD39C /* Sources */,
				7DEE4BBD2BDB7B9A005DD39C /* Frameworks */,
				7DEE4BBE2BDB7B9A005DD39C /* Resources */,
			);
			buildRules = (
			);
			dependencies = (
				7DEE4BC22BDB7B9A005DD39C /* PBXTargetDependency */,
			);
			name = QuestifyTests;
			productName = QuestifyTests;
			productReference = 7DEE4BC02BDB7B9A005DD39C /* QuestifyTests.xctest */;
			productType = "com.apple.product-type.bundle.unit-test";
		};
/* End PBXNativeTarget section */

/* Begin PBXProject section */
		7DEE4BA62BDB7B98005DD39C /* Project object */ = {
			isa = PBXProject;
			attributes = {
				BuildIndependentTargetsInParallel = 1;
				LastSwiftUpdateCheck = 1530;
				LastUpgradeCheck = 1530;
				TargetAttributes = {
					7DEE4BAD2BDB7B98005DD39C = {
						CreatedOnToolsVersion = 15.3;
					};
					7DEE4BBF2BDB7B9A005DD39C = {
						CreatedOnToolsVersion = 15.3;
						TestTargetID = 7DEE4BAD2BDB7B98005DD39C;
					};
				};
			};
			buildConfigurationList = 7DEE4BA92BDB7B98005DD39C /* Build configuration list for PBXProject "Questify" */;
			compatibilityVersion = "Xcode 14.0";
			developmentRegion = en;
			hasScannedForEncodings = 0;
			knownRegions = (
				en,
				Base,
			);
			mainGroup = 7DEE4BA52BDB7B98005DD39C;
			productRefGroup = 7DEE4BAF2BDB7B98005DD39C /* Products */;
			projectDirPath = "";
			projectRoot = "";
			targets = (
				7DEE4BAD2BDB7B98005DD39C /* Questify */,
				7DEE4BBF2BDB7B9A005DD39C /* QuestifyTests */,
			);
		};
/* End PBXProject section */

/* Begin PBXResourcesBuildPhase section */
		7DEE4BAC2BDB7B98005DD39C /* Resources */ = {
			isa = PBXResourcesBuildPhase;
			buildActionMask = 2147483647;
			files = (
				7DEE4BBB2BDB7B9A005DD39C /* Preview Assets.xcassets in Resources */,
				7DEE4BB82BDB7B9A005DD39C /* Assets.xcassets in Resources */,
			);
			runOnlyForDeploymentPostprocessing = 0;
		};
		7DEE4BBE2BDB7B9A005DD39C /* Resources */ = {
			isa = PBXResourcesBuildPhase;
			buildActionMask = 2147483647;
			files = (
			);
			runOnlyForDeploymentPostprocessing = 0;
		};
/* End PBXResourcesBuildPhase section */

/* Begin PBXSourcesBuildPhase section */
		7DEE4BAA2BDB7B98005DD39C /* Sources */ = {
			isa = PBXSourcesBuildPhase;
			buildActionMask = 2147483647;
			files = (
				7DEE4BB42BDB7B98005DD39C /* ContentView.swift in Sources */,
				7DEE4BB62BDB7B98005DD39C /* Item.swift in Sources */,
				7DEE4BB22BDB7B98005DD39C /* QuestifyApp.swift in Sources */,
			);
			runOnlyForDeploymentPostprocessing = 0;
		};
		7DEE4BBC2BDB7B9A005DD39C /* Sources */ = {
			isa = PBXSourcesBuildPhase;
			buildActionMask = 2147483647;
			files = (
				7DEE4BC52BDB7B9A005DD39C /* QuestifyTests.swift in Sources */,
			);
			runOnlyForDeploymentPostprocessing = 0;
		};
/* End PBXSourcesBuildPhase section */

/* Begin PBXTargetDependency section */
		7DEE4BC22BDB7B9A005DD39C /* PBXTargetDependency */ = {
			isa = PBXTargetDependency;
			target = 7DEE4BAD2BDB7B98005DD39C /* Questify */;
			targetProxy = 7DEE4BC12BDB7B9A005DD39C /* PBXContainerItemProxy */;
		};
/* End PBXTargetDependency section */

/* Begin XCBuildConfiguration section */
		7DEE4BD22BDB7B9A005DD39C /* Debug */ = {
			isa = XCBuildConfiguration;
			buildSettings = {
				ALWAYS_SEARCH_USER_PATHS = NO;
				ASSETCATALOG_COMPILER_GENERATE_SWIFT_ASSET_SYMBOL_EXTENSIONS = YES;
				CLANG_ANALYZER_NONNULL = YES;
				CLANG_ANALYZER_NUMBER_OBJECT_CONVERSION = YES_AGGRESSIVE;
				CLANG_CXX_LANGUAGE_STANDARD = "gnu++20";
				CLANG_ENABLE_MODULES = YES;
				CLANG_ENABLE_OBJC_ARC = YES;
				CLANG_ENABLE_OBJC_WEAK = YES;
				CLANG_WARN_BLOCK_CAPTURE_AUTORELEASING = YES;
				CLANG_WARN_BOOL_CONVERSION = YES;
				CLANG_WARN_COMMA = YES;
				CLANG_WARN_CONSTANT_CONVERSION = YES;
				CLANG_WARN_DEPRECATED_OBJC_IMPLEMENTATIONS = YES;
				CLANG_WARN_DIRECT_OBJC_ISA_USAGE = YES_ERROR;
				CLANG_WARN_DOCUMENTATION_COMMENTS = YES;
				CLANG_WARN_EMPTY_BODY = YES;
				CLANG_WARN_ENUM_CONVERSION = YES;
				CLANG_WARN_INFINITE_RECURSION = YES;
				CLANG_WARN_INT_CONVERSION = YES;
				CLANG_WARN_NON_LITERAL_NULL_CONVERSION = YES;
				CLANG_WARN_OBJC_IMPLICIT_RETAIN_SELF = YES;
				CLANG_WARN_OBJC_LITERAL_CONVERSION = YES;
				CLANG_WARN_OBJC_ROOT_CLASS = YES_ERROR;
				CLANG_WARN_QUOTED_INCLUDE_IN_FRAMEWORK_HEADER = YES;
				CLANG_WARN_RANGE_LOOP_ANALYSIS = YES;
				CLANG_WARN_STRICT_PROTOTYPES = YES;
				CLANG_WARN_SUSPICIOUS_MOVE = YES;
				CLANG_WARN_UNGUARDED_AVAILABILITY = YES_AGGRESSIVE;
				CLANG_WARN_UNREACHABLE_CODE = YES;
				CLANG_WARN__DUPLICATE_METHOD_MATCH = YES;
				COPY_PHASE_STRIP = NO;
				DEBUG_INFORMATION_FORMAT = dwarf;
				ENABLE_STRICT_OBJC_MSGSEND = YES;
				ENABLE_TESTABILITY = YES;
				ENABLE_USER_SCRIPT_SANDBOXING = YES;
				GCC_C_LANGUAGE_STANDARD = gnu17;
				GCC_DYNAMIC_NO_PIC = NO;
				GCC_NO_COMMON_BLOCKS = YES;
				GCC_OPTIMIZATION_LEVEL = 0;
				GCC_PREPROCESSOR_DEFINITIONS = (
					"DEBUG=1",
					"$(inherited)",
				);
				GCC_WARN_64_TO_32_BIT_CONVERSION = YES;
				GCC_WARN_ABOUT_RETURN_TYPE = YES_ERROR;
				GCC_WARN_UNDECLARED_SELECTOR = YES;
				GCC_WARN_UNINITIALIZED_AUTOS = YES_AGGRESSIVE;
				GCC_WARN_UNUSED_FUNCTION = YES;
				GCC_WARN_UNUSED_VARIABLE = YES;
				LOCALIZATION_PREFERS_STRING_CATALOGS = YES;
				MTL_ENABLE_DEBUG_INFO = INCLUDE_SOURCE;
				MTL_FAST_MATH = YES;
				ONLY_ACTIVE_ARCH = YES;
				SDKROOT = appletvos;
				SWIFT_ACTIVE_COMPILATION_CONDITIONS = "DEBUG $(inherited)";
				SWIFT_OPTIMIZATION_LEVEL = "-Onone";
				TVOS_DEPLOYMENT_TARGET = 17.4;
			};
			name = Debug;
		};
		7DEE4BD32BDB7B9A005DD39C /* Release */ = {
			isa = XCBuildConfiguration;
			buildSettings = {
				ALWAYS_SEARCH_USER_PATHS = NO;
				ASSETCATALOG_COMPILER_GENERATE_SWIFT_ASSET_SYMBOL_EXTENSIONS = YES;
				CLANG_ANALYZER_NONNULL = YES;
				CLANG_ANALYZER_NUMBER_OBJECT_CONVERSION = YES_AGGRESSIVE;
				CLANG_CXX_LANGUAGE_STANDARD = "gnu++20";
				CLANG_ENABLE_MODULES = YES;
				CLANG_ENABLE_OBJC_ARC = YES;
				CLANG_ENABLE_OBJC_WEAK = YES;
				CLANG_WARN_BLOCK_CAPTURE_AUTORELEASING = YES;
				CLANG_WARN_BOOL_CONVERSION = YES;
				CLANG_WARN_COMMA = YES;
				CLANG_WARN_CONSTANT_CONVERSION = YES;
				CLANG_WARN_DEPRECATED_OBJC_IMPLEMENTATIONS = YES;
				CLANG_WARN_DIRECT_OBJC_ISA_USAGE = YES_ERROR;
				CLANG_WARN_DOCUMENTATION_COMMENTS = YES;
				CLANG_WARN_EMPTY_BODY = YES;
				CLANG_WARN_ENUM_CONVERSION = YES;
				CLANG_WARN_INFINITE_RECURSION = YES;
				CLANG_WARN_INT_CONVERSION = YES;
				CLANG_WARN_NON_LITERAL_NULL_CONVERSION = YES;
				CLANG_WARN_OBJC_IMPLICIT_RETAIN_SELF = YES;
				CLANG_WARN_OBJC_LITERAL_CONVERSION = YES;
				CLANG_WARN_OBJC_ROOT_CLASS = YES_ERROR;
				CLANG_WARN_QUOTED_INCLUDE_IN_FRAMEWORK_HEADER = YES;
				CLANG_WARN_RANGE_LOOP_ANALYSIS = YES;
				CLANG_WARN_STRICT_PROTOTYPES = YES;
				CLANG_WARN_SUSPICIOUS_MOVE = YES;
				CLANG_WARN_UNGUARDED_AVAILABILITY = YES_AGGRESSIVE;
				CLANG_WARN_UNREACHABLE_CODE = YES;
				CLANG_WARN__DUPLICATE_METHOD_MATCH = YES;
				COPY_PHASE_STRIP = NO;
				DEBUG_INFORMATION_FORMAT = "dwarf-with-dsym";
				ENABLE_NS_ASSERTIONS = NO;
				ENABLE_STRICT_OBJC_MSGSEND = YES;
				ENABLE_USER_SCRIPT_SANDBOXING = YES;
				GCC_C_LANGUAGE_STANDARD = gnu17;
				GCC_NO_COMMON_BLOCKS = YES;
				GCC_WARN_64_TO_32_BIT_CONVERSION = YES;
				GCC_WARN_ABOUT_RETURN_TYPE = YES_ERROR;
				GCC_WARN_UNDECLARED_SELECTOR = YES;
				GCC_WARN_UNINITIALIZED_AUTOS = YES_AGGRESSIVE;
				GCC_WARN_UNUSED_FUNCTION = YES;
				GCC_WARN_UNUSED_VARIABLE = YES;
				LOCALIZATION_PREFERS_STRING_CATALOGS = YES;
				MTL_ENABLE_DEBUG_INFO = NO;
				MTL_FAST_MATH = YES;
				SDKROOT = appletvos;
				SWIFT_COMPILATION_MODE = wholemodule;
				TVOS_DEPLOYMENT_TARGET = 17.4;
				VALIDATE_PRODUCT = YES;
			};
			name = Release;
		};
		7DEE4BD52BDB7B9A005DD39C /* Debug */ = {
			isa = XCBuildConfiguration;
			buildSettings = {
				ASSETCATALOG_COMPILER_APPICON_NAME = "App Icon & Top Shelf Image";
				ASSETCATALOG_COMPILER_GLOBAL_ACCENT_COLOR_NAME = AccentColor;
				CODE_SIGN_STYLE = Automatic;
				CURRENT_PROJECT_VERSION = 1;
				DEVELOPMENT_ASSET_PATHS = "\"Questify/Preview Content\"";
				DEVELOPMENT_TEAM = 765F9357QN;
				ENABLE_PREVIEWS = YES;
				GENERATE_INFOPLIST_FILE = YES;
				INFOPLIST_KEY_LSApplicationCategoryType = "public.app-category.productivity";
				INFOPLIST_KEY_UILaunchScreen_Generation = YES;
				INFOPLIST_KEY_UIUserInterfaceStyle = Automatic;
				LD_RUNPATH_SEARCH_PATHS = (
					"$(inherited)",
					"@executable_path/Frameworks",
				);
				MARKETING_VERSION = 1.0;
				PRODUCT_BUNDLE_IDENTIFIER = com.PixelPunch.Questify;
				PRODUCT_NAME = "$(TARGET_NAME)";
				SWIFT_EMIT_LOC_STRINGS = YES;
				SWIFT_VERSION = 5.0;
				TARGETED_DEVICE_FAMILY = 3;
				TVOS_DEPLOYMENT_TARGET = 17.0;
			};
			name = Debug;
		};
		7DEE4BD62BDB7B9A005DD39C /* Release */ = {
			isa = XCBuildConfiguration;
			buildSettings = {
				ASSETCATALOG_COMPILER_APPICON_NAME = "App Icon & Top Shelf Image";
				ASSETCATALOG_COMPILER_GLOBAL_ACCENT_COLOR_NAME = AccentColor;
				CODE_SIGN_STYLE = Automatic;
				CURRENT_PROJECT_VERSION = 1;
				DEVELOPMENT_ASSET_PATHS = "\"Questify/Preview Content\"";
				DEVELOPMENT_TEAM = 765F9357QN;
				ENABLE_PREVIEWS = YES;
				GENERATE_INFOPLIST_FILE = YES;
				INFOPLIST_KEY_LSApplicationCategoryType = "public.app-category.productivity";
				INFOPLIST_KEY_UILaunchScreen_Generation = YES;
				INFOPLIST_KEY_UIUserInterfaceStyle = Automatic;
				LD_RUNPATH_SEARCH_PATHS = (
					"$(inherited)",
					"@executable_path/Frameworks",
				);
				MARKETING_VERSION = 1.0;
				PRODUCT_BUNDLE_IDENTIFIER = com.PixelPunch.Questify;
				PRODUCT_NAME = "$(TARGET_NAME)";
				SWIFT_EMIT_LOC_STRINGS = YES;
				SWIFT_VERSION = 5.0;
				TARGETED_DEVICE_FAMILY = 3;
				TVOS_DEPLOYMENT_TARGET = 17.0;
			};
			name = Release;
		};
		7DEE4BD82BDB7B9A005DD39C /* Debug */ = {
			isa = XCBuildConfiguration;
			buildSettings = {
				ALWAYS_EMBED_SWIFT_STANDARD_LIBRARIES = YES;
				BUNDLE_LOADER = "$(TEST_HOST)";
				CODE_SIGN_STYLE = Automatic;
				CURRENT_PROJECT_VERSION = 1;
				DEVELOPMENT_TEAM = 765F9357QN;
				GENERATE_INFOPLIST_FILE = YES;
				MARKETING_VERSION = 1.0;
				PRODUCT_BUNDLE_IDENTIFIER = com.PixelPunch.QuestifyTests;
				PRODUCT_NAME = "$(TARGET_NAME)";
				SWIFT_EMIT_LOC_STRINGS = NO;
				SWIFT_VERSION = 5.0;
				TARGETED_DEVICE_FAMILY = 3;
				TEST_HOST = "$(BUILT_PRODUCTS_DIR)/Questify.app/$(BUNDLE_EXECUTABLE_FOLDER_PATH)/Questify";
				TVOS_DEPLOYMENT_TARGET = 17.4;
			};
			name = Debug;
		};
		7DEE4BD92BDB7B9A005DD39C /* Release */ = {
			isa = XCBuildConfiguration;
			buildSettings = {
				ALWAYS_EMBED_SWIFT_STANDARD_LIBRARIES = YES;
				BUNDLE_LOADER = "$(TEST_HOST)";
				CODE_SIGN_STYLE = Automatic;
				CURRENT_PROJECT_VERSION = 1;
				DEVELOPMENT_TEAM = 765F9357QN;
				GENERATE_INFOPLIST_FILE = YES;
				MARKETING_VERSION = 1.0;
				PRODUCT_BUNDLE_IDENTIFIER = com.PixelPunch.QuestifyTests;
				PRODUCT_NAME = "$(TARGET_NAME)";
				SWIFT_EMIT_LOC_STRINGS = NO;
				SWIFT_VERSION = 5.0;
				TARGETED_DEVICE_FAMILY = 3;
				TEST_HOST = "$(BUILT_PRODUCTS_DIR)/Questify.app/$(BUNDLE_EXECUTABLE_FOLDER_PATH)/Questify";
				TVOS_DEPLOYMENT_TARGET = 17.4;
			};
			name = Release;
		};
/* End XCBuildConfiguration section */

/* Begin XCConfigurationList section */
		7DEE4BA92BDB7B98005DD39C /* Build configuration list for PBXProject "Questify" */ = {
			isa = XCConfigurationList;
			buildConfigurations = (
				7DEE4BD22BDB7B9A005DD39C /* Debug */,
				7DEE4BD32BDB7B9A005DD39C /* Release */,
			);
			defaultConfigurationIsVisible = 0;
			defaultConfigurationName = Release;
		};
		7DEE4BD42BDB7B9A005DD39C /* Build configuration list for PBXNativeTarget "Questify" */ = {
			isa = XCConfigurationList;
			buildConfigurations = (
				7DEE4BD52BDB7B9A005DD39C /* Debug */,
				7DEE4BD62BDB7B9A005DD39C /* Release */,
			);
			defaultConfigurationIsVisible = 0;
			defaultConfigurationName = Release;
		};
		7DEE4BD72BDB7B9A005DD39C /* Build configuration list for PBXNativeTarget "QuestifyTests" */ = {
			isa = XCConfigurationList;
			buildConfigurations = (
				7DEE4BD82BDB7B9A005DD39C /* Debug */,
				7DEE4BD92BDB7B9A005DD39C /* Release */,
			);
			defaultConfigurationIsVisible = 0;
			defaultConfigurationName = Release;
		};
/* End XCConfigurationList section */
	};
	rootObject = 7DEE4BA62BDB7B98005DD39C /* Project object */;
}
